
Microsoft Visual Studio Solution File, Format Version 12.00
# Visual Studio Version 17
VisualStudioVersion = 17.8.34525.116
MinimumVisualStudioVersion = 10.0.40219.1
Project("{FAE04EC0-301F-11D3-BF4B-00C04F79EFBC}") = "ProyectoRelampago", "ProyectoRelampago\ProyectoRelampago.csproj", "{9E83AFCA-4002-421A-860D-D3F93FED7FD5}"
EndProject
Global
	GlobalSection(SolutionConfigurationPlatforms) = preSolution
		Debug|Any CPU = Debug|Any CPU
		Release|Any CPU = Release|Any CPU
	EndGlobalSection
	GlobalSection(ProjectConfigurationPlatforms) = postSolution
		{9E83AFCA-4002-421A-860D-D3F93FED7FD5}.Debug|Any CPU.ActiveCfg = Debug|Any CPU
		{9E83AFCA-4002-421A-860D-D3F93FED7FD5}.Debug|Any CPU.Build.0 = Debug|Any CPU
		{9E83AFCA-4002-421A-860D-D3F93FED7FD5}.Release|Any CPU.ActiveCfg = Release|Any CPU
		{9E83AFCA-4002-421A-860D-D3F93FED7FD5}.Release|Any CPU.Build.0 = Release|Any CPU
	EndGlobalSection
	GlobalSection(SolutionProperties) = preSolution
		HideSolutionNode = FALSE
	EndGlobalSection
	GlobalSection(ExtensibilityGlobals) = postSolution
		SolutionGuid = {23BEB2FF-D50A-4069-807D-74464CBCB94F}
	EndGlobalSection
EndGlobal
